
Microsoft Visual Studio Solution File, Format Version 12.00
# Visual Studio Version 17
VisualStudioVersion = 17.7.34031.279
MinimumVisualStudioVersion = 10.0.40219.1
Project("{FAE04EC0-301F-11D3-BF4B-00C04F79EFBC}") = "Lab3.2_Tyagaev", "Lab3.2_Tyagaev\Lab3.2_Tyagaev.csproj", "{DA48C8BE-12AF-4594-AFEF-15B1A0BEEF04}"
EndProject
Global
	GlobalSection(SolutionConfigurationPlatforms) = preSolution
		Debug|Any CPU = Debug|Any CPU
		Release|Any CPU = Release|Any CPU
	EndGlobalSection
	GlobalSection(ProjectConfigurationPlatforms) = postSolution
		{DA48C8BE-12AF-4594-AFEF-15B1A0BEEF04}.Debug|Any CPU.ActiveCfg = Debug|Any CPU
		{DA48C8BE-12AF-4594-AFEF-15B1A0BEEF04}.Debug|Any CPU.Build.0 = Debug|Any CPU
		{DA48C8BE-12AF-4594-AFEF-15B1A0BEEF04}.Release|Any CPU.ActiveCfg = Release|Any CPU
		{DA48C8BE-12AF-4594-AFEF-15B1A0BEEF04}.Release|Any CPU.Build.0 = Release|Any CPU
	EndGlobalSection
	GlobalSection(SolutionProperties) = preSolution
		HideSolutionNode = FALSE
	EndGlobalSection
	GlobalSection(ExtensibilityGlobals) = postSolution
		SolutionGuid = {64243C24-5FBD-4BAD-8238-0538773689AA}
	EndGlobalSection
EndGlobal
